<?xml version="1.0" encoding="utf-8"?>
<Project ToolsVersion="4.0" xmlns="http://schemas.microsoft.com/developer/msbuild/2003">
  <ItemGroup>
    <Filter Include="Layers">
      <UniqueIdentifier>{157446C0-0116-7196-EAD0-84EAD611F8E6}</UniqueIdentifier>
    </Filter>
    <Filter Include="Other">
      <UniqueIdentifier>{C7F3D50D-3308-FEBE-FC89-A11E685DFAEF}</UniqueIdentifier>
    </Filter>
    <Filter Include="Parser">
      <UniqueIdentifier>{D27997C9-BE1B-C29F-A7D6-D5F3931749F0}</UniqueIdentifier>
    </Filter>
  </ItemGroup>
  <ItemGroup>
    <ClInclude Include="src\FontRendererApp.h" />
    <ClInclude Include="src\Layers\MainLayer.h">
      <Filter>Layers</Filter>
    </ClInclude>
    <ClInclude Include="src\Parser\ByteReader.h">
      <Filter>Parser</Filter>
    </ClInclude>
    <ClInclude Include="src\Parser\ByteWriter.h">
      <Filter>Parser</Filter>
    </ClInclude>
    <ClInclude Include="src\Parser\FontParser.h">
      <Filter>Parser</Filter>
    </ClInclude>
    <ClInclude Include="src\Parser\FontReader.h">
      <Filter>Parser</Filter>
    </ClInclude>
    <ClInclude Include="src\Parser\FontStructs.h">
      <Filter>Parser</Filter>
    </ClInclude>
    <ClInclude Include="src\Other\OrthographicCameraController.h" />
  </ItemGroup>
  <ItemGroup>
    <ClCompile Include="src\FontRendererApp.cpp" />
    <ClCompile Include="src\Layers\MainLayer.cpp">
      <Filter>Layers</Filter>
    </ClCompile>
    <ClCompile Include="src\Parser\ByteReader.cpp">
      <Filter>Parser</Filter>
    </ClCompile>
    <ClCompile Include="src\Parser\ByteWriter.cpp">
      <Filter>Parser</Filter>
    </ClCompile>
    <ClCompile Include="src\Parser\FontParser.cpp">
      <Filter>Parser</Filter>
    </ClCompile>
    <ClCompile Include="src\Parser\FontReader.cpp">
      <Filter>Parser</Filter>
    </ClCompile>
    <ClCompile Include="src\Parser\FontStructs.cpp">
      <Filter>Parser</Filter>
    </ClCompile>
    <ClCompile Include="src\Other\OrthographicCameraController.cpp" />
  </ItemGroup>
</Project>